// !$*UTF8*$!
{
	archiveVersion = 1;
	classes = {
	};
	objectVersion = 50;
	objects = {

/* Begin PBXBuildFile section */
		F0DEB9DA247CE46E007DFFCA /* AppDelegate.swift in Sources */ = {isa = PBXBuildFile; fileRef = F0DEB9D9247CE46E007DFFCA /* AppDelegate.swift */; };
		F0DEB9DC247CE46E007DFFCA /* SceneDelegate.swift in Sources */ = {isa = PBXBuildFile; fileRef = F0DEB9DB247CE46E007DFFCA /* SceneDelegate.swift */; };
		F0DEB9DE247CE46E007DFFCA /* ViewController.swift in Sources */ = {isa = PBXBuildFile; fileRef = F0DEB9DD247CE46E007DFFCA /* ViewController.swift */; };
		F0DEB9E1247CE46F007DFFCA /* Main.storyboard in Resources */ = {isa = PBXBuildFile; fileRef = F0DEB9DF247CE46F007DFFCA /* Main.storyboard */; };
		F0DEB9E3247CE470007DFFCA /* Assets.xcassets in Resources */ = {isa = PBXBuildFile; fileRef = F0DEB9E2247CE470007DFFCA /* Assets.xcassets */; };
		F0DEB9E6247CE470007DFFCA /* LaunchScreen.storyboard in Resources */ = {isa = PBXBuildFile; fileRef = F0DEB9E4247CE470007DFFCA /* LaunchScreen.storyboard */; };
/* End PBXBuildFile section */

/* Begin PBXFileReference section */
		F0DEB9D6247CE46E007DFFCA /* ICICI Sample.app */ = {isa = PBXFileReference; explicitFileType = wrapper.application; includeInIndex = 0; path = "ICICI Sample.app"; sourceTree = BUILT_PRODUCTS_DIR; };
		F0DEB9D9247CE46E007DFFCA /* AppDelegate.swift */ = {isa = PBXFileReference; lastKnownFileType = sourcecode.swift; path = AppDelegate.swift; sourceTree = "<group>"; };
		F0DEB9DB247CE46E007DFFCA /* SceneDelegate.swift */ = {isa = PBXFileReference; lastKnownFileType = sourcecode.swift; path = SceneDelegate.swift; sourceTree = "<group>"; };
		F0DEB9DD247CE46E007DFFCA /* ViewController.swift */ = {isa = PBXFileReference; lastKnownFileType = sourcecode.swift; path = ViewController.swift; sourceTree = "<group>"; };
		F0DEB9E0247CE46F007DFFCA /* Base */ = {isa = PBXFileReference; lastKnownFileType = file.storyboard; name = Base; path = Base.lproj/Main.storyboard; sourceTree = "<group>"; };
		F0DEB9E2247CE470007DFFCA /* Assets.xcassets */ = {isa = PBXFileReference; lastKnownFileType = folder.assetcatalog; path = Assets.xcassets; sourceTree = "<group>"; };
		F0DEB9E5247CE470007DFFCA /* Base */ = {isa = PBXFileReference; lastKnownFileType = file.storyboard; name = Base; path = Base.lproj/LaunchScreen.storyboard; sourceTree = "<group>"; };
		F0DEB9E7247CE470007DFFCA /* Info.plist */ = {isa = PBXFileReference; lastKnownFileType = text.plist.xml; path = Info.plist; sourceTree = "<group>"; };
/* End PBXFileReference section */

/* Begin PBXFrameworksBuildPhase section */
		F0DEB9D3247CE46E007DFFCA /* Frameworks */ = {
			isa = PBXFrameworksBuildPhase;
			buildActionMask = 2147483647;
			files = (
			);
			runOnlyForDeploymentPostprocessing = 0;
		};
/* End PBXFrameworksBuildPhase section */

/* Begin PBXGroup section */
		F0DEB9CD247CE46E007DFFCA = {
			isa = PBXGroup;
			children = (
				F0DEB9D8247CE46E007DFFCA /* ICICI Sample */,
				F0DEB9D7247CE46E007DFFCA /* Products */,
			);
			sourceTree = "<group>";
		};
		F0DEB9D7247CE46E007DFFCA /* Products */ = {
			isa = PBXGroup;
			children = (
				F0DEB9D6247CE46E007DFFCA /* ICICI Sample.app */,
			);
			name = Products;
			sourceTree = "<group>";
		};
		F0DEB9D8247CE46E007DFFCA /* ICICI Sample */ = {
			isa = PBXGroup;
			children = (
				F0DEB9D9247CE46E007DFFCA /* AppDelegate.swift */,
				F0DEB9DB247CE46E007DFFCA /* SceneDelegate.swift */,
				F0DEB9DD247CE46E007DFFCA /* ViewController.swift */,
				F0DEB9DF247CE46F007DFFCA /* Main.storyboard */,
				F0DEB9E2247CE470007DFFCA /* Assets.xcassets */,
				F0DEB9E4247CE470007DFFCA /* LaunchScreen.storyboard */,
				F0DEB9E7247CE470007DFFCA /* Info.plist */,
			);
			path = "ICICI Sample";
			sourceTree = "<group>";
		};
/* End PBXGroup section */

/* Begin PBXNativeTarget section */
		F0DEB9D5247CE46E007DFFCA /* ICICI Sample */ = {
			isa = PBXNativeTarget;
			buildConfigurationList = F0DEB9EA247CE470007DFFCA /* Build configuration list for PBXNativeTarget "ICICI Sample" */;
			buildPhases = (
				F0DEB9D2247CE46E007DFFCA /* Sources */,
				F0DEB9D3247CE46E007DFFCA /* Frameworks */,
				F0DEB9D4247CE46E007DFFCA /* Resources */,
			);
			buildRules = (
			);
			dependencies = (
			);
			name = "ICICI Sample";
			productName = "ICICI Sample";
			productReference = F0DEB9D6247CE46E007DFFCA /* ICICI Sample.app */;
			productType = "com.apple.product-type.application";
		};
/* End PBXNativeTarget section */

/* Begin PBXProject section */
		F0DEB9CE247CE46E007DFFCA /* Project object */ = {
			isa = PBXProject;
			attributes = {
				LastSwiftUpdateCheck = 1130;
				LastUpgradeCheck = 1130;
				ORGANIZATIONNAME = "Sharath Sriram";
				TargetAttributes = {
					F0DEB9D5247CE46E007DFFCA = {
						CreatedOnToolsVersion = 11.3.1;
					};
				};
			};
			buildConfigurationList = F0DEB9D1247CE46E007DFFCA /* Build configuration list for PBXProject "ICICI Sample" */;
			compatibilityVersion = "Xcode 9.3";
			developmentRegion = en;
			hasScannedForEncodings = 0;
			knownRegions = (
				en,
				Base,
			);
			mainGroup = F0DEB9CD247CE46E007DFFCA;
			productRefGroup = F0DEB9D7247CE46E007DFFCA /* Products */;
			projectDirPath = "";
			projectRoot = "";
			targets = (
				F0DEB9D5247CE46E007DFFCA /* ICICI Sample */,
			);
		};
/* End PBXProject section */

/* Begin PBXResourcesBuildPhase section */
		F0DEB9D4247CE46E007DFFCA /* Resources */ = {
			isa = PBXResourcesBuildPhase;
			buildActionMask = 2147483647;
			files = (
				F0DEB9E6247CE470007DFFCA /* LaunchScreen.storyboard in Resources */,
				F0DEB9E3247CE470007DFFCA /* Assets.xcassets in Resources */,
				F0DEB9E1247CE46F007DFFCA /* Main.storyboard in Resources */,
			);
			runOnlyForDeploymentPostprocessing = 0;
		};
/* End PBXResourcesBuildPhase section */

/* Begin PBXSourcesBuildPhase section */
		F0DEB9D2247CE46E007DFFCA /* Sources */ = {
			isa = PBXSourcesBuildPhase;
			buildActionMask = 2147483647;
			files = (
				F0DEB9DE247CE46E007DFFCA /* ViewController.swift in Sources */,
				F0DEB9DA247CE46E007DFFCA /* AppDelegate.swift in Sources */,
				F0DEB9DC247CE46E007DFFCA /* SceneDelegate.swift in Sources */,
			);
			runOnlyForDeploymentPostprocessing = 0;
		};
/* End PBXSourcesBuildPhase section */

/* Begin PBXVariantGroup section */
		F0DEB9DF247CE46F007DFFCA /* Main.storyboard */ = {
			isa = PBXVariantGroup;
			children = (
				F0DEB9E0247CE46F007DFFCA /* Base */,
			);
			name = Main.storyboard;
			sourceTree = "<group>";
		};
		F0DEB9E4247CE470007DFFCA /* LaunchScreen.storyboard */ = {
			isa = PBXVariantGroup;
			children = (
				F0DEB9E5247CE470007DFFCA /* Base */,
			);
			name = LaunchScreen.storyboard;
			sourceTree = "<group>";
		};
/* End PBXVariantGroup section */

/* Begin XCBuildConfiguration section */
		F0DEB9E8247CE470007DFFCA /* Debug */ = {
			isa = XCBuildConfiguration;
			buildSettings = {
				ALWAYS_SEARCH_USER_PATHS = NO;
				CLANG_ANALYZER_NONNULL = YES;
				CLANG_ANALYZER_NUMBER_OBJECT_CONVERSION = YES_AGGRESSIVE;
				CLANG_CXX_LANGUAGE_STANDARD = "gnu++14";
				CLANG_CXX_LIBRARY = "libc++";
				CLANG_ENABLE_MODULES = YES;
				CLANG_ENABLE_OBJC_ARC = YES;
				CLANG_ENABLE_OBJC_WEAK = YES;
				CLANG_WARN_BLOCK_CAPTURE_AUTORELEASING = YES;
				CLANG_WARN_BOOL_CONVERSION = YES;
				CLANG_WARN_COMMA = YES;
				CLANG_WARN_CONSTANT_CONVERSION = YES;
				CLANG_WARN_DEPRECATED_OBJC_IMPLEMENTATIONS = YES;
				CLANG_WARN_DIRECT_OBJC_ISA_USAGE = YES_ERROR;
				CLANG_WARN_DOCUMENTATION_COMMENTS = YES;
				CLANG_WARN_EMPTY_BODY = YES;
				CLANG_WARN_ENUM_CONVERSION = YES;
				CLANG_WARN_INFINITE_RECURSION = YES;
				CLANG_WARN_INT_CONVERSION = YES;
				CLANG_WARN_NON_LITERAL_NULL_CONVERSION = YES;
				CLANG_WARN_OBJC_IMPLICIT_RETAIN_SELF = YES;
				CLANG_WARN_OBJC_LITERAL_CONVERSION = YES;
				CLANG_WARN_OBJC_ROOT_CLASS = YES_ERROR;
				CLANG_WARN_RANGE_LOOP_ANALYSIS = YES;
				CLANG_WARN_STRICT_PROTOTYPES = YES;
				CLANG_WARN_SUSPICIOUS_MOVE = YES;
				CLANG_WARN_UNGUARDED_AVAILABILITY = YES_AGGRESSIVE;
				CLANG_WARN_UNREACHABLE_CODE = YES;
				CLANG_WARN__DUPLICATE_METHOD_MATCH = YES;
				COPY_PHASE_STRIP = NO;
				DEBUG_INFORMATION_FORMAT = dwarf;
				ENABLE_STRICT_OBJC_MSGSEND = YES;
				ENABLE_TESTABILITY = YES;
				GCC_C_LANGUAGE_STANDARD = gnu11;
				GCC_DYNAMIC_NO_PIC = NO;
				GCC_NO_COMMON_BLOCKS = YES;
				GCC_OPTIMIZATION_LEVEL = 0;
				GCC_PREPROCESSOR_DEFINITIONS = (
					"DEBUG=1",
					"$(inherited)",
				);
				GCC_WARN_64_TO_32_BIT_CONVERSION = YES;
				GCC_WARN_ABOUT_RETURN_TYPE = YES_ERROR;
				GCC_WARN_UNDECLARED_SELECTOR = YES;
				GCC_WARN_UNINITIALIZED_AUTOS = YES_AGGRESSIVE;
				GCC_WARN_UNUSED_FUNCTION = YES;
				GCC_WARN_UNUSED_VARIABLE = YES;
				IPHONEOS_DEPLOYMENT_TARGET = 13.2;
				MTL_ENABLE_DEBUG_INFO = INCLUDE_SOURCE;
				MTL_FAST_MATH = YES;
				ONLY_ACTIVE_ARCH = YES;
				SDKROOT = iphoneos;
				SWIFT_ACTIVE_COMPILATION_CONDITIONS = DEBUG;
				SWIFT_OPTIMIZATION_LEVEL = "-Onone";
			};
			name = Debug;
		};
		F0DEB9E9247CE470007DFFCA /* Release */ = {
			isa = XCBuildConfiguration;
			buildSettings = {
				ALWAYS_SEARCH_USER_PATHS = NO;
				CLANG_ANALYZER_NONNULL = YES;
				CLANG_ANALYZER_NUMBER_OBJECT_CONVERSION = YES_AGGRESSIVE;
				CLANG_CXX_LANGUAGE_STANDARD = "gnu++14";
				CLANG_CXX_LIBRARY = "libc++";
				CLANG_ENABLE_MODULES = YES;
				CLANG_ENABLE_OBJC_ARC = YES;
				CLANG_ENABLE_OBJC_WEAK = YES;
				CLANG_WARN_BLOCK_CAPTURE_AUTORELEASING = YES;
				CLANG_WARN_BOOL_CONVERSION = YES;
				CLANG_WARN_COMMA = YES;
				CLANG_WARN_CONSTANT_CONVERSION = YES;
				CLANG_WARN_DEPRECATED_OBJC_IMPLEMENTATIONS = YES;
				CLANG_WARN_DIRECT_OBJC_ISA_USAGE = YES_ERROR;
				CLANG_WARN_DOCUMENTATION_COMMENTS = YES;
				CLANG_WARN_EMPTY_BODY = YES;
				CLANG_WARN_ENUM_CONVERSION = YES;
				CLANG_WARN_INFINITE_RECURSION = YES;
				CLANG_WARN_INT_CONVERSION = YES;
				CLANG_WARN_NON_LITERAL_NULL_CONVERSION = YES;
				CLANG_WARN_OBJC_IMPLICIT_RETAIN_SELF = YES;
				CLANG_WARN_OBJC_LITERAL_CONVERSION = YES;
				CLANG_WARN_OBJC_ROOT_CLASS = YES_ERROR;
				CLANG_WARN_RANGE_LOOP_ANALYSIS = YES;
				CLANG_WARN_STRICT_PROTOTYPES = YES;
				CLANG_WARN_SUSPICIOUS_MOVE = YES;
				CLANG_WARN_UNGUARDED_AVAILABILITY = YES_AGGRESSIVE;
				CLANG_WARN_UNREACHABLE_CODE = YES;
				CLANG_WARN__DUPLICATE_METHOD_MATCH = YES;
				COPY_PHASE_STRIP = NO;
				DEBUG_INFORMATION_FORMAT = "dwarf-with-dsym";
				ENABLE_NS_ASSERTIONS = NO;
				ENABLE_STRICT_OBJC_MSGSEND = YES;
				GCC_C_LANGUAGE_STANDARD = gnu11;
				GCC_NO_COMMON_BLOCKS = YES;
				GCC_WARN_64_TO_32_BIT_CONVERSION = YES;
				GCC_WARN_ABOUT_RETURN_TYPE = YES_ERROR;
				GCC_WARN_UNDECLARED_SELECTOR = YES;
				GCC_WARN_UNINITIALIZED_AUTOS = YES_AGGRESSIVE;
				GCC_WARN_UNUSED_FUNCTION = YES;
				GCC_WARN_UNUSED_VARIABLE = YES;
				IPHONEOS_DEPLOYMENT_TARGET = 13.2;
				MTL_ENABLE_DEBUG_INFO = NO;
				MTL_FAST_MATH = YES;
				SDKROOT = iphoneos;
				SWIFT_COMPILATION_MODE = wholemodule;
				SWIFT_OPTIMIZATION_LEVEL = "-O";
				VALIDATE_PRODUCT = YES;
			};
			name = Release;
		};
		F0DEB9EB247CE470007DFFCA /* Debug */ = {
			isa = XCBuildConfiguration;
			buildSettings = {
				ASSETCATALOG_COMPILER_APPICON_NAME = AppIcon;
				CODE_SIGN_STYLE = Automatic;
				DEVELOPMENT_TEAM = N53JZ2S9D2;
				INFOPLIST_FILE = "ICICI Sample/Info.plist";
				LD_RUNPATH_SEARCH_PATHS = (
					"$(inherited)",
					"@executable_path/Frameworks",
				);
				PRODUCT_BUNDLE_IDENTIFIER = "Freshworks.ICICI-Sample";
				PRODUCT_NAME = "$(TARGET_NAME)";
				SWIFT_VERSION = 5.0;
				TARGETED_DEVICE_FAMILY = "1,2";
			};
			name = Debug;
		};
		F0DEB9EC247CE470007DFFCA /* Release */ = {
			isa = XCBuildConfiguration;
			buildSettings = {
				ASSETCATALOG_COMPILER_APPICON_NAME = AppIcon;
				CODE_SIGN_STYLE = Automatic;
				DEVELOPMENT_TEAM = N53JZ2S9D2;
				INFOPLIST_FILE = "ICICI Sample/Info.plist";
				LD_RUNPATH_SEARCH_PATHS = (
					"$(inherited)",
					"@executable_path/Frameworks",
				);
				PRODUCT_BUNDLE_IDENTIFIER = "Freshworks.ICICI-Sample";
				PRODUCT_NAME = "$(TARGET_NAME)";
				SWIFT_VERSION = 5.0;
				TARGETED_DEVICE_FAMILY = "1,2";
			};
			name = Release;
		};
/* End XCBuildConfiguration section */

/* Begin XCConfigurationList section */
		F0DEB9D1247CE46E007DFFCA /* Build configuration list for PBXProject "ICICI Sample" */ = {
			isa = XCConfigurationList;
			buildConfigurations = (
				F0DEB9E8247CE470007DFFCA /* Debug */,
				F0DEB9E9247CE470007DFFCA /* Release */,
			);
			defaultConfigurationIsVisible = 0;
			defaultConfigurationName = Release;
		};
		F0DEB9EA247CE470007DFFCA /* Build configuration list for PBXNativeTarget "ICICI Sample" */ = {
			isa = XCConfigurationList;
			buildConfigurations = (
				F0DEB9EB247CE470007DFFCA /* Debug */,
				F0DEB9EC247CE470007DFFCA /* Release */,
			);
			defaultConfigurationIsVisible = 0;
			defaultConfigurationName = Release;
		};
/* End XCConfigurationList section */
	};
	rootObject = F0DEB9CE247CE46E007DFFCA /* Project object */;
}
